// !$*UTF8*$!
{
	archiveVersion = 1;
	classes = {
	};
	objectVersion = 50;
	objects = {

/* Begin PBXBuildFile section */
		2CBAF9B325D4488300F9431C /* AppDelegate.swift in Sources */ = {isa = PBXBuildFile; fileRef = 2CBAF9B225D4488300F9431C /* AppDelegate.swift */; };
		2CBAF9B525D4488300F9431C /* SceneDelegate.swift in Sources */ = {isa = PBXBuildFile; fileRef = 2CBAF9B425D4488300F9431C /* SceneDelegate.swift */; };
		2CBAF9B725D4488300F9431C /* ViewController.swift in Sources */ = {isa = PBXBuildFile; fileRef = 2CBAF9B625D4488300F9431C /* ViewController.swift */; };
		2CBAF9BA25D4488300F9431C /* Main.storyboard in Resources */ = {isa = PBXBuildFile; fileRef = 2CBAF9B825D4488300F9431C /* Main.storyboard */; };
		2CBAF9BC25D4488400F9431C /* Assets.xcassets in Resources */ = {isa = PBXBuildFile; fileRef = 2CBAF9BB25D4488400F9431C /* Assets.xcassets */; };
		2CBAF9BF25D4488400F9431C /* LaunchScreen.storyboard in Resources */ = {isa = PBXBuildFile; fileRef = 2CBAF9BD25D4488400F9431C /* LaunchScreen.storyboard */; };
		2CBAF9CA25D4488400F9431C /* LightTests.swift in Sources */ = {isa = PBXBuildFile; fileRef = 2CBAF9C925D4488400F9431C /* LightTests.swift */; };
		2CBAF9D525D4488400F9431C /* LightUITests.swift in Sources */ = {isa = PBXBuildFile; fileRef = 2CBAF9D425D4488400F9431C /* LightUITests.swift */; };
/* End PBXBuildFile section */

/* Begin PBXContainerItemProxy section */
		2CBAF9C625D4488400F9431C /* PBXContainerItemProxy */ = {
			isa = PBXContainerItemProxy;
			containerPortal = 2CBAF9A725D4488300F9431C /* Project object */;
			proxyType = 1;
			remoteGlobalIDString = 2CBAF9AE25D4488300F9431C;
			remoteInfo = Light;
		};
		2CBAF9D125D4488400F9431C /* PBXContainerItemProxy */ = {
			isa = PBXContainerItemProxy;
			containerPortal = 2CBAF9A725D4488300F9431C /* Project object */;
			proxyType = 1;
			remoteGlobalIDString = 2CBAF9AE25D4488300F9431C;
			remoteInfo = Light;
		};
/* End PBXContainerItemProxy section */

/* Begin PBXFileReference section */
		2CBAF9AF25D4488300F9431C /* Light.app */ = {isa = PBXFileReference; explicitFileType = wrapper.application; includeInIndex = 0; path = Light.app; sourceTree = BUILT_PRODUCTS_DIR; };
		2CBAF9B225D4488300F9431C /* AppDelegate.swift */ = {isa = PBXFileReference; lastKnownFileType = sourcecode.swift; path = AppDelegate.swift; sourceTree = "<group>"; };
		2CBAF9B425D4488300F9431C /* SceneDelegate.swift */ = {isa = PBXFileReference; lastKnownFileType = sourcecode.swift; path = SceneDelegate.swift; sourceTree = "<group>"; };
		2CBAF9B625D4488300F9431C /* ViewController.swift */ = {isa = PBXFileReference; lastKnownFileType = sourcecode.swift; path = ViewController.swift; sourceTree = "<group>"; };
		2CBAF9B925D4488300F9431C /* Base */ = {isa = PBXFileReference; lastKnownFileType = file.storyboard; name = Base; path = Base.lproj/Main.storyboard; sourceTree = "<group>"; };
		2CBAF9BB25D4488400F9431C /* Assets.xcassets */ = {isa = PBXFileReference; lastKnownFileType = folder.assetcatalog; path = Assets.xcassets; sourceTree = "<group>"; };
		2CBAF9BE25D4488400F9431C /* Base */ = {isa = PBXFileReference; lastKnownFileType = file.storyboard; name = Base; path = Base.lproj/LaunchScreen.storyboard; sourceTree = "<group>"; };
		2CBAF9C025D4488400F9431C /* Info.plist */ = {isa = PBXFileReference; lastKnownFileType = text.plist.xml; path = Info.plist; sourceTree = "<group>"; };
		2CBAF9C525D4488400F9431C /* LightTests.xctest */ = {isa = PBXFileReference; explicitFileType = wrapper.cfbundle; includeInIndex = 0; path = LightTests.xctest; sourceTree = BUILT_PRODUCTS_DIR; };
		2CBAF9C925D4488400F9431C /* LightTests.swift */ = {isa = PBXFileReference; lastKnownFileType = sourcecode.swift; path = LightTests.swift; sourceTree = "<group>"; };
		2CBAF9CB25D4488400F9431C /* Info.plist */ = {isa = PBXFileReference; lastKnownFileType = text.plist.xml; path = Info.plist; sourceTree = "<group>"; };
		2CBAF9D025D4488400F9431C /* LightUITests.xctest */ = {isa = PBXFileReference; explicitFileType = wrapper.cfbundle; includeInIndex = 0; path = LightUITests.xctest; sourceTree = BUILT_PRODUCTS_DIR; };
		2CBAF9D425D4488400F9431C /* LightUITests.swift */ = {isa = PBXFileReference; lastKnownFileType = sourcecode.swift; path = LightUITests.swift; sourceTree = "<group>"; };
		2CBAF9D625D4488400F9431C /* Info.plist */ = {isa = PBXFileReference; lastKnownFileType = text.plist.xml; path = Info.plist; sourceTree = "<group>"; };
/* End PBXFileReference section */

/* Begin PBXFrameworksBuildPhase section */
		2CBAF9AC25D4488300F9431C /* Frameworks */ = {
			isa = PBXFrameworksBuildPhase;
			buildActionMask = 2147483647;
			files = (
			);
			runOnlyForDeploymentPostprocessing = 0;
		};
		2CBAF9C225D4488400F9431C /* Frameworks */ = {
			isa = PBXFrameworksBuildPhase;
			buildActionMask = 2147483647;
			files = (
			);
			runOnlyForDeploymentPostprocessing = 0;
		};
		2CBAF9CD25D4488400F9431C /* Frameworks */ = {
			isa = PBXFrameworksBuildPhase;
			buildActionMask = 2147483647;
			files = (
			);
			runOnlyForDeploymentPostprocessing = 0;
		};
/* End PBXFrameworksBuildPhase section */

/* Begin PBXGroup section */
		2CBAF9A625D4488300F9431C = {
			isa = PBXGroup;
			children = (
				2CBAF9B125D4488300F9431C /* Light */,
				2CBAF9C825D4488400F9431C /* LightTests */,
				2CBAF9D325D4488400F9431C /* LightUITests */,
				2CBAF9B025D4488300F9431C /* Products */,
			);
			sourceTree = "<group>";
		};
		2CBAF9B025D4488300F9431C /* Products */ = {
			isa = PBXGroup;
			children = (
				2CBAF9AF25D4488300F9431C /* Light.app */,
				2CBAF9C525D4488400F9431C /* LightTests.xctest */,
				2CBAF9D025D4488400F9431C /* LightUITests.xctest */,
			);
			name = Products;
			sourceTree = "<group>";
		};
		2CBAF9B125D4488300F9431C /* Light */ = {
			isa = PBXGroup;
			children = (
				2CBAF9B225D4488300F9431C /* AppDelegate.swift */,
				2CBAF9B425D4488300F9431C /* SceneDelegate.swift */,
				2CBAF9B625D4488300F9431C /* ViewController.swift */,
				2CBAF9B825D4488300F9431C /* Main.storyboard */,
				2CBAF9BB25D4488400F9431C /* Assets.xcassets */,
				2CBAF9BD25D4488400F9431C /* LaunchScreen.storyboard */,
				2CBAF9C025D4488400F9431C /* Info.plist */,
			);
			path = Light;
			sourceTree = "<group>";
		};
		2CBAF9C825D4488400F9431C /* LightTests */ = {
			isa = PBXGroup;
			children = (
				2CBAF9C925D4488400F9431C /* LightTests.swift */,
				2CBAF9CB25D4488400F9431C /* Info.plist */,
			);
			path = LightTests;
			sourceTree = "<group>";
		};
		2CBAF9D325D4488400F9431C /* LightUITests */ = {
			isa = PBXGroup;
			children = (
				2CBAF9D425D4488400F9431C /* LightUITests.swift */,
				2CBAF9D625D4488400F9431C /* Info.plist */,
			);
			path = LightUITests;
			sourceTree = "<group>";
		};
/* End PBXGroup section */

/* Begin PBXNativeTarget section */
		2CBAF9AE25D4488300F9431C /* Light */ = {
			isa = PBXNativeTarget;
			buildConfigurationList = 2CBAF9D925D4488400F9431C /* Build configuration list for PBXNativeTarget "Light" */;
			buildPhases = (
				2CBAF9AB25D4488300F9431C /* Sources */,
				2CBAF9AC25D4488300F9431C /* Frameworks */,
				2CBAF9AD25D4488300F9431C /* Resources */,
			);
			buildRules = (
			);
			dependencies = (
			);
			name = Light;
			productName = Light;
			productReference = 2CBAF9AF25D4488300F9431C /* Light.app */;
			productType = "com.apple.product-type.application";
		};
		2CBAF9C425D4488400F9431C /* LightTests */ = {
			isa = PBXNativeTarget;
			buildConfigurationList = 2CBAF9DC25D4488400F9431C /* Build configuration list for PBXNativeTarget "LightTests" */;
			buildPhases = (
				2CBAF9C125D4488400F9431C /* Sources */,
				2CBAF9C225D4488400F9431C /* Frameworks */,
				2CBAF9C325D4488400F9431C /* Resources */,
			);
			buildRules = (
			);
			dependencies = (
				2CBAF9C725D4488400F9431C /* PBXTargetDependency */,
			);
			name = LightTests;
			productName = LightTests;
			productReference = 2CBAF9C525D4488400F9431C /* LightTests.xctest */;
			productType = "com.apple.product-type.bundle.unit-test";
		};
		2CBAF9CF25D4488400F9431C /* LightUITests */ = {
			isa = PBXNativeTarget;
			buildConfigurationList = 2CBAF9DF25D4488400F9431C /* Build configuration list for PBXNativeTarget "LightUITests" */;
			buildPhases = (
				2CBAF9CC25D4488400F9431C /* Sources */,
				2CBAF9CD25D4488400F9431C /* Frameworks */,
				2CBAF9CE25D4488400F9431C /* Resources */,
			);
			buildRules = (
			);
			dependencies = (
				2CBAF9D225D4488400F9431C /* PBXTargetDependency */,
			);
			name = LightUITests;
			productName = LightUITests;
			productReference = 2CBAF9D025D4488400F9431C /* LightUITests.xctest */;
			productType = "com.apple.product-type.bundle.ui-testing";
		};
/* End PBXNativeTarget section */

/* Begin PBXProject section */
		2CBAF9A725D4488300F9431C /* Project object */ = {
			isa = PBXProject;
			attributes = {
				LastSwiftUpdateCheck = 1240;
				LastUpgradeCheck = 1240;
				TargetAttributes = {
					2CBAF9AE25D4488300F9431C = {
						CreatedOnToolsVersion = 12.4;
					};
					2CBAF9C425D4488400F9431C = {
						CreatedOnToolsVersion = 12.4;
						TestTargetID = 2CBAF9AE25D4488300F9431C;
					};
					2CBAF9CF25D4488400F9431C = {
						CreatedOnToolsVersion = 12.4;
						TestTargetID = 2CBAF9AE25D4488300F9431C;
					};
				};
			};
			buildConfigurationList = 2CBAF9AA25D4488300F9431C /* Build configuration list for PBXProject "Light" */;
			compatibilityVersion = "Xcode 9.3";
			developmentRegion = en;
			hasScannedForEncodings = 0;
			knownRegions = (
				en,
				Base,
			);
			mainGroup = 2CBAF9A625D4488300F9431C;
			productRefGroup = 2CBAF9B025D4488300F9431C /* Products */;
			projectDirPath = "";
			projectRoot = "";
			targets = (
				2CBAF9AE25D4488300F9431C /* Light */,
				2CBAF9C425D4488400F9431C /* LightTests */,
				2CBAF9CF25D4488400F9431C /* LightUITests */,
			);
		};
/* End PBXProject section */

/* Begin PBXResourcesBuildPhase section */
		2CBAF9AD25D4488300F9431C /* Resources */ = {
			isa = PBXResourcesBuildPhase;
			buildActionMask = 2147483647;
			files = (
				2CBAF9BF25D4488400F9431C /* LaunchScreen.storyboard in Resources */,
				2CBAF9BC25D4488400F9431C /* Assets.xcassets in Resources */,
				2CBAF9BA25D4488300F9431C /* Main.storyboard in Resources */,
			);
			runOnlyForDeploymentPostprocessing = 0;
		};
		2CBAF9C325D4488400F9431C /* Resources */ = {
			isa = PBXResourcesBuildPhase;
			buildActionMask = 2147483647;
			files = (
			);
			runOnlyForDeploymentPostprocessing = 0;
		};
		2CBAF9CE25D4488400F9431C /* Resources */ = {
			isa = PBXResourcesBuildPhase;
			buildActionMask = 2147483647;
			files = (
			);
			runOnlyForDeploymentPostprocessing = 0;
		};
/* End PBXResourcesBuildPhase section */

/* Begin PBXSourcesBuildPhase section */
		2CBAF9AB25D4488300F9431C /* Sources */ = {
			isa = PBXSourcesBuildPhase;
			buildActionMask = 2147483647;
			files = (
				2CBAF9B725D4488300F9431C /* ViewController.swift in Sources */,
				2CBAF9B325D4488300F9431C /* AppDelegate.swift in Sources */,
				2CBAF9B525D4488300F9431C /* SceneDelegate.swift in Sources */,
			);
			runOnlyForDeploymentPostprocessing = 0;
		};
		2CBAF9C125D4488400F9431C /* Sources */ = {
			isa = PBXSourcesBuildPhase;
			buildActionMask = 2147483647;
			files = (
				2CBAF9CA25D4488400F9431C /* LightTests.swift in Sources */,
			);
			runOnlyForDeploymentPostprocessing = 0;
		};
		2CBAF9CC25D4488400F9431C /* Sources */ = {
			isa = PBXSourcesBuildPhase;
			buildActionMask = 2147483647;
			files = (
				2CBAF9D525D4488400F9431C /* LightUITests.swift in Sources */,
			);
			runOnlyForDeploymentPostprocessing = 0;
		};
/* End PBXSourcesBuildPhase section */

/* Begin PBXTargetDependency section */
		2CBAF9C725D4488400F9431C /* PBXTargetDependency */ = {
			isa = PBXTargetDependency;
			target = 2CBAF9AE25D4488300F9431C /* Light */;
			targetProxy = 2CBAF9C625D4488400F9431C /* PBXContainerItemProxy */;
		};
		2CBAF9D225D4488400F9431C /* PBXTargetDependency */ = {
			isa = PBXTargetDependency;
			target = 2CBAF9AE25D4488300F9431C /* Light */;
			targetProxy = 2CBAF9D125D4488400F9431C /* PBXContainerItemProxy */;
		};
/* End PBXTargetDependency section */

/* Begin PBXVariantGroup section */
		2CBAF9B825D4488300F9431C /* Main.storyboard */ = {
			isa = PBXVariantGroup;
			children = (
				2CBAF9B925D4488300F9431C /* Base */,
			);
			name = Main.storyboard;
			sourceTree = "<group>";
		};
		2CBAF9BD25D4488400F9431C /* LaunchScreen.storyboard */ = {
			isa = PBXVariantGroup;
			children = (
				2CBAF9BE25D4488400F9431C /* Base */,
			);
			name = LaunchScreen.storyboard;
			sourceTree = "<group>";
		};
/* End PBXVariantGroup section */

/* Begin XCBuildConfiguration section */
		2CBAF9D725D4488400F9431C /* Debug */ = {
			isa = XCBuildConfiguration;
			buildSettings = {
				ALWAYS_SEARCH_USER_PATHS = NO;
				CLANG_ANALYZER_NONNULL = YES;
				CLANG_ANALYZER_NUMBER_OBJECT_CONVERSION = YES_AGGRESSIVE;
				CLANG_CXX_LANGUAGE_STANDARD = "gnu++14";
				CLANG_CXX_LIBRARY = "libc++";
				CLANG_ENABLE_MODULES = YES;
				CLANG_ENABLE_OBJC_ARC = YES;
				CLANG_ENABLE_OBJC_WEAK = YES;
				CLANG_WARN_BLOCK_CAPTURE_AUTORELEASING = YES;
				CLANG_WARN_BOOL_CONVERSION = YES;
				CLANG_WARN_COMMA = YES;
				CLANG_WARN_CONSTANT_CONVERSION = YES;
				CLANG_WARN_DEPRECATED_OBJC_IMPLEMENTATIONS = YES;
				CLANG_WARN_DIRECT_OBJC_ISA_USAGE = YES_ERROR;
				CLANG_WARN_DOCUMENTATION_COMMENTS = YES;
				CLANG_WARN_EMPTY_BODY = YES;
				CLANG_WARN_ENUM_CONVERSION = YES;
				CLANG_WARN_INFINITE_RECURSION = YES;
				CLANG_WARN_INT_CONVERSION = YES;
				CLANG_WARN_NON_LITERAL_NULL_CONVERSION = YES;
				CLANG_WARN_OBJC_IMPLICIT_RETAIN_SELF = YES;
				CLANG_WARN_OBJC_LITERAL_CONVERSION = YES;
				CLANG_WARN_OBJC_ROOT_CLASS = YES_ERROR;
				CLANG_WARN_QUOTED_INCLUDE_IN_FRAMEWORK_HEADER = YES;
				CLANG_WARN_RANGE_LOOP_ANALYSIS = YES;
				CLANG_WARN_STRICT_PROTOTYPES = YES;
				CLANG_WARN_SUSPICIOUS_MOVE = YES;
				CLANG_WARN_UNGUARDED_AVAILABILITY = YES_AGGRESSIVE;
				CLANG_WARN_UNREACHABLE_CODE = YES;
				CLANG_WARN__DUPLICATE_METHOD_MATCH = YES;
				COPY_PHASE_STRIP = NO;
				DEBUG_INFORMATION_FORMAT = dwarf;
				ENABLE_STRICT_OBJC_MSGSEND = YES;
				ENABLE_TESTABILITY = YES;
				GCC_C_LANGUAGE_STANDARD = gnu11;
				GCC_DYNAMIC_NO_PIC = NO;
				GCC_NO_COMMON_BLOCKS = YES;
				GCC_OPTIMIZATION_LEVEL = 0;
				GCC_PREPROCESSOR_DEFINITIONS = (
					"DEBUG=1",
					"$(inherited)",
				);
				GCC_WARN_64_TO_32_BIT_CONVERSION = YES;
				GCC_WARN_ABOUT_RETURN_TYPE = YES_ERROR;
				GCC_WARN_UNDECLARED_SELECTOR = YES;
				GCC_WARN_UNINITIALIZED_AUTOS = YES_AGGRESSIVE;
				GCC_WARN_UNUSED_FUNCTION = YES;
				GCC_WARN_UNUSED_VARIABLE = YES;
				IPHONEOS_DEPLOYMENT_TARGET = 14.4;
				MTL_ENABLE_DEBUG_INFO = INCLUDE_SOURCE;
				MTL_FAST_MATH = YES;
				ONLY_ACTIVE_ARCH = YES;
				SDKROOT = iphoneos;
				SWIFT_ACTIVE_COMPILATION_CONDITIONS = DEBUG;
				SWIFT_OPTIMIZATION_LEVEL = "-Onone";
			};
			name = Debug;
		};
		2CBAF9D825D4488400F9431C /* Release */ = {
			isa = XCBuildConfiguration;
			buildSettings = {
				ALWAYS_SEARCH_USER_PATHS = NO;
				CLANG_ANALYZER_NONNULL = YES;
				CLANG_ANALYZER_NUMBER_OBJECT_CONVERSION = YES_AGGRESSIVE;
				CLANG_CXX_LANGUAGE_STANDARD = "gnu++14";
				CLANG_CXX_LIBRARY = "libc++";
				CLANG_ENABLE_MODULES = YES;
				CLANG_ENABLE_OBJC_ARC = YES;
				CLANG_ENABLE_OBJC_WEAK = YES;
				CLANG_WARN_BLOCK_CAPTURE_AUTORELEASING = YES;
				CLANG_WARN_BOOL_CONVERSION = YES;
				CLANG_WARN_COMMA = YES;
				CLANG_WARN_CONSTANT_CONVERSION = YES;
				CLANG_WARN_DEPRECATED_OBJC_IMPLEMENTATIONS = YES;
				CLANG_WARN_DIRECT_OBJC_ISA_USAGE = YES_ERROR;
				CLANG_WARN_DOCUMENTATION_COMMENTS = YES;
				CLANG_WARN_EMPTY_BODY = YES;
				CLANG_WARN_ENUM_CONVERSION = YES;
				CLANG_WARN_INFINITE_RECURSION = YES;
				CLANG_WARN_INT_CONVERSION = YES;
				CLANG_WARN_NON_LITERAL_NULL_CONVERSION = YES;
				CLANG_WARN_OBJC_IMPLICIT_RETAIN_SELF = YES;
				CLANG_WARN_OBJC_LITERAL_CONVERSION = YES;
				CLANG_WARN_OBJC_ROOT_CLASS = YES_ERROR;
				CLANG_WARN_QUOTED_INCLUDE_IN_FRAMEWORK_HEADER = YES;
				CLANG_WARN_RANGE_LOOP_ANALYSIS = YES;
				CLANG_WARN_STRICT_PROTOTYPES = YES;
				CLANG_WARN_SUSPICIOUS_MOVE = YES;
				CLANG_WARN_UNGUARDED_AVAILABILITY = YES_AGGRESSIVE;
				CLANG_WARN_UNREACHABLE_CODE = YES;
				CLANG_WARN__DUPLICATE_METHOD_MATCH = YES;
				COPY_PHASE_STRIP = NO;
				DEBUG_INFORMATION_FORMAT = "dwarf-with-dsym";
				ENABLE_NS_ASSERTIONS = NO;
				ENABLE_STRICT_OBJC_MSGSEND = YES;
				GCC_C_LANGUAGE_STANDARD = gnu11;
				GCC_NO_COMMON_BLOCKS = YES;
				GCC_WARN_64_TO_32_BIT_CONVERSION = YES;
				GCC_WARN_ABOUT_RETURN_TYPE = YES_ERROR;
				GCC_WARN_UNDECLARED_SELECTOR = YES;
				GCC_WARN_UNINITIALIZED_AUTOS = YES_AGGRESSIVE;
				GCC_WARN_UNUSED_FUNCTION = YES;
				GCC_WARN_UNUSED_VARIABLE = YES;
				IPHONEOS_DEPLOYMENT_TARGET = 14.4;
				MTL_ENABLE_DEBUG_INFO = NO;
				MTL_FAST_MATH = YES;
				SDKROOT = iphoneos;
				SWIFT_COMPILATION_MODE = wholemodule;
				SWIFT_OPTIMIZATION_LEVEL = "-O";
				VALIDATE_PRODUCT = YES;
			};
			name = Release;
		};
		2CBAF9DA25D4488400F9431C /* Debug */ = {
			isa = XCBuildConfiguration;
			buildSettings = {
				ASSETCATALOG_COMPILER_APPICON_NAME = AppIcon;
				ASSETCATALOG_COMPILER_GLOBAL_ACCENT_COLOR_NAME = AccentColor;
				CODE_SIGN_STYLE = Automatic;
				INFOPLIST_FILE = Light/Info.plist;
				LD_RUNPATH_SEARCH_PATHS = (
					"$(inherited)",
					"@executable_path/Frameworks",
				);
				PRODUCT_BUNDLE_IDENTIFIER = com.example.Light;
				PRODUCT_NAME = "$(TARGET_NAME)";
				SWIFT_VERSION = 5.0;
				TARGETED_DEVICE_FAMILY = "1,2";
			};
			name = Debug;
		};
		2CBAF9DB25D4488400F9431C /* Release */ = {
			isa = XCBuildConfiguration;
			buildSettings = {
				ASSETCATALOG_COMPILER_APPICON_NAME = AppIcon;
				ASSETCATALOG_COMPILER_GLOBAL_ACCENT_COLOR_NAME = AccentColor;
				CODE_SIGN_STYLE = Automatic;
				INFOPLIST_FILE = Light/Info.plist;
				LD_RUNPATH_SEARCH_PATHS = (
					"$(inherited)",
					"@executable_path/Frameworks",
				);
				PRODUCT_BUNDLE_IDENTIFIER = com.example.Light;
				PRODUCT_NAME = "$(TARGET_NAME)";
				SWIFT_VERSION = 5.0;
				TARGETED_DEVICE_FAMILY = "1,2";
			};
			name = Release;
		};
		2CBAF9DD25D4488400F9431C /* Debug */ = {
			isa = XCBuildConfiguration;
			buildSettings = {
				ALWAYS_EMBED_SWIFT_STANDARD_LIBRARIES = YES;
				BUNDLE_LOADER = "$(TEST_HOST)";
				CODE_SIGN_STYLE = Automatic;
				INFOPLIST_FILE = LightTests/Info.plist;
				IPHONEOS_DEPLOYMENT_TARGET = 14.4;
				LD_RUNPATH_SEARCH_PATHS = (
					"$(inherited)",
					"@executable_path/Frameworks",
					"@loader_path/Frameworks",
				);
				PRODUCT_BUNDLE_IDENTIFIER = com.example.LightTests;
				PRODUCT_NAME = "$(TARGET_NAME)";
				SWIFT_VERSION = 5.0;
				TARGETED_DEVICE_FAMILY = "1,2";
				TEST_HOST = "$(BUILT_PRODUCTS_DIR)/Light.app/Light";
			};
			name = Debug;
		};
		2CBAF9DE25D4488400F9431C /* Release */ = {
			isa = XCBuildConfiguration;
			buildSettings = {
				ALWAYS_EMBED_SWIFT_STANDARD_LIBRARIES = YES;
				BUNDLE_LOADER = "$(TEST_HOST)";
				CODE_SIGN_STYLE = Automatic;
				INFOPLIST_FILE = LightTests/Info.plist;
				IPHONEOS_DEPLOYMENT_TARGET = 14.4;
				LD_RUNPATH_SEARCH_PATHS = (
					"$(inherited)",
					"@executable_path/Frameworks",
					"@loader_path/Frameworks",
				);
				PRODUCT_BUNDLE_IDENTIFIER = com.example.LightTests;
				PRODUCT_NAME = "$(TARGET_NAME)";
				SWIFT_VERSION = 5.0;
				TARGETED_DEVICE_FAMILY = "1,2";
				TEST_HOST = "$(BUILT_PRODUCTS_DIR)/Light.app/Light";
			};
			name = Release;
		};
		2CBAF9E025D4488400F9431C /* Debug */ = {
			isa = XCBuildConfiguration;
			buildSettings = {
				ALWAYS_EMBED_SWIFT_STANDARD_LIBRARIES = YES;
				CODE_SIGN_STYLE = Automatic;
				INFOPLIST_FILE = LightUITests/Info.plist;
				LD_RUNPATH_SEARCH_PATHS = (
					"$(inherited)",
					"@executable_path/Frameworks",
					"@loader_path/Frameworks",
				);
				PRODUCT_BUNDLE_IDENTIFIER = com.example.LightUITests;
				PRODUCT_NAME = "$(TARGET_NAME)";
				SWIFT_VERSION = 5.0;
				TARGETED_DEVICE_FAMILY = "1,2";
				TEST_TARGET_NAME = Light;
			};
			name = Debug;
		};
		2CBAF9E125D4488400F9431C /* Release */ = {
			isa = XCBuildConfiguration;
			buildSettings = {
				ALWAYS_EMBED_SWIFT_STANDARD_LIBRARIES = YES;
				CODE_SIGN_STYLE = Automatic;
				INFOPLIST_FILE = LightUITests/Info.plist;
				LD_RUNPATH_SEARCH_PATHS = (
					"$(inherited)",
					"@executable_path/Frameworks",
					"@loader_path/Frameworks",
				);
				PRODUCT_BUNDLE_IDENTIFIER = com.example.LightUITests;
				PRODUCT_NAME = "$(TARGET_NAME)";
				SWIFT_VERSION = 5.0;
				TARGETED_DEVICE_FAMILY = "1,2";
				TEST_TARGET_NAME = Light;
			};
			name = Release;
		};
/* End XCBuildConfiguration section */

/* Begin XCConfigurationList section */
		2CBAF9AA25D4488300F9431C /* Build configuration list for PBXProject "Light" */ = {
			isa = XCConfigurationList;
			buildConfigurations = (
				2CBAF9D725D4488400F9431C /* Debug */,
				2CBAF9D825D4488400F9431C /* Release */,
			);
			defaultConfigurationIsVisible = 0;
			defaultConfigurationName = Release;
		};
		2CBAF9D925D4488400F9431C /* Build configuration list for PBXNativeTarget "Light" */ = {
			isa = XCConfigurationList;
			buildConfigurations = (
				2CBAF9DA25D4488400F9431C /* Debug */,
				2CBAF9DB25D4488400F9431C /* Release */,
			);
			defaultConfigurationIsVisible = 0;
			defaultConfigurationName = Release;
		};
		2CBAF9DC25D4488400F9431C /* Build configuration list for PBXNativeTarget "LightTests" */ = {
			isa = XCConfigurationList;
			buildConfigurations = (
				2CBAF9DD25D4488400F9431C /* Debug */,
				2CBAF9DE25D4488400F9431C /* Release */,
			);
			defaultConfigurationIsVisible = 0;
			defaultConfigurationName = Release;
		};
		2CBAF9DF25D4488400F9431C /* Build configuration list for PBXNativeTarget "LightUITests" */ = {
			isa = XCConfigurationList;
			buildConfigurations = (
				2CBAF9E025D4488400F9431C /* Debug */,
				2CBAF9E125D4488400F9431C /* Release */,
			);
			defaultConfigurationIsVisible = 0;
			defaultConfigurationName = Release;
		};
/* End XCConfigurationList section */
	};
	rootObject = 2CBAF9A725D4488300F9431C /* Project object */;
}
